<?xml version="1.0" encoding="utf-8"?>
<Project ToolsVersion="4.0" xmlns="http://schemas.microsoft.com/developer/msbuild/2003">
  <ItemGroup>
    <ClCompile Include="Application.cpp" />
    <ClCompile Include="Enemy.cpp" />
    <ClCompile Include="Globals.cpp" />
    <ClCompile Include="Main.cpp" />
    <ClCompile Include="MediumCamouflageJet.cpp" />
    <ClCompile Include="Module.cpp" />
    <ClCompile Include="ModuleAudio.cpp" />
    <ClCompile Include="ModuleCollisions.cpp" />
    <ClCompile Include="ModuleEnemies.cpp" />
    <ClCompile Include="ModuleHUD.cpp" />
    <ClCompile Include="ModuleInitialScreen.cpp" />
    <ClCompile Include="ModuleInput.cpp" />
    <ClCompile Include="ModuleLevel2.cpp" />
    <ClCompile Include="ModuleParticles.cpp" />
    <ClCompile Include="ModuleRenderer.cpp" />
    <ClCompile Include="ModulePlayer.cpp" />
    <ClCompile Include="ModuleStartScreen.cpp" />
    <ClCompile Include="ModuleTextureManager.cpp" />
    <ClCompile Include="ModuleWindow.cpp" />
    <ClCompile Include="Path.cpp" />
    <ClCompile Include="ModuleFadeToBlack.cpp" />
    <ClCompile Include="ModuleFonts.cpp" />
    <ClCompile Include="BigOrangeJet.cpp" />
  </ItemGroup>
  <ItemGroup>
    <ClInclude Include="Animation.h" />
    <ClInclude Include="Application.h" />
    <ClInclude Include="Enemy.h" />
    <ClInclude Include="Globals.h" />
    <ClInclude Include="MediumCamouflageJet.h" />
    <ClInclude Include="MemLeaks.h" />
    <ClInclude Include="Module.h" />
    <ClInclude Include="ModuleAudio.h" />
    <ClInclude Include="ModuleCollisions.h" />
    <ClInclude Include="ModuleEnemies.h" />
    <ClInclude Include="ModuleHUD.h" />
    <ClInclude Include="ModuleInitialScreen.h" />
    <ClInclude Include="ModuleInput.h" />
    <ClInclude Include="ModuleLevel2.h" />
    <ClInclude Include="ModuleParticles.h" />
    <ClInclude Include="ModuleRenderer.h" />
    <ClInclude Include="ModulePlayer.h" />
    <ClInclude Include="ModuleStartScreen.h" />
    <ClInclude Include="ModuleTextureManager.h" />
    <ClInclude Include="ModuleWindow.h" />
    <ClInclude Include="p2Point.h" />
    <ClInclude Include="Path.h" />
    <ClInclude Include="ModuleFadeToBlack.h" />
    <ClInclude Include="ModuleFonts.h" />
    <ClInclude Include="BigOrangeJet.h" />
  </ItemGroup>
</Project>